
Microsoft Visual Studio Solution File, Format Version 12.00
# Visual Studio Version 17
VisualStudioVersion = 17.0.31903.59
MinimumVisualStudioVersion = 10.0.40219.1
Project("{FAE04EC0-301F-11D3-BF4B-00C04F79EFBC}") = "ModuleOneAndTwo", "ModuleOneAndTwo\ModuleOneAndTwo.csproj", "{4F3D1A66-C058-4D06-8696-4730B2E392EF}"
EndProject
Project("{FAE04EC0-301F-11D3-BF4B-00C04F79EFBC}") = "Module03_EvaluateBoolean", "Module03_EvaluateBoolean\Module03_EvaluateBoolean.csproj", "{B6CE6345-F738-4616-886C-A7F1EE85688E}"
EndProject
Project("{2150E333-8FDC-42A3-9474-1A3956D46DE8}") = "Module03_GuidedProject", "Module03_GuidedProject", "{9D268E4C-F354-92AC-0444-4289C6D47AF3}"
EndProject
Project("{FAE04EC0-301F-11D3-BF4B-00C04F79EFBC}") = "Module03_GuidedProject", "Module03_GuidedProject\Module03_GuidedProject.csproj", "{922F5980-E6DB-4D80-B4D8-52F0A2E48018}"
EndProject
Project("{FAE04EC0-301F-11D3-BF4B-00C04F79EFBC}") = "Module04_VariableData", "Module04_VariableData\Module04_VariableData.csproj", "{2863C938-03CA-48AC-A6E6-A1682D9EFA86}"
EndProject
Project("{FAE04EC0-301F-11D3-BF4B-00C04F79EFBC}") = "Module04_GuidedProject", "Module04_GuidedProject\Module04_GuidedProject.csproj", "{ED7E0FED-C947-41BB-80FF-298E1E9DAFF5}"
EndProject
Project("{FAE04EC0-301F-11D3-BF4B-00C04F79EFBC}") = "Module05_CreateMethods", "Module05_CreateMethods\Module05_CreateMethods.csproj", "{D012CCDF-7E56-4BEA-909D-696749C8A904}"
EndProject
Project("{FAE04EC0-301F-11D3-BF4B-00C04F79EFBC}") = "Module05_ChallengeProject", "Module05_ChallengeProject\Module05_ChallengeProject.csproj", "{AD7C7FB8-E721-4F0E-9315-0EFDE6E1F463}"
EndProject
Global
	GlobalSection(SolutionConfigurationPlatforms) = preSolution
		Debug|Any CPU = Debug|Any CPU
		Debug|x64 = Debug|x64
		Debug|x86 = Debug|x86
		Release|Any CPU = Release|Any CPU
		Release|x64 = Release|x64
		Release|x86 = Release|x86
	EndGlobalSection
	GlobalSection(ProjectConfigurationPlatforms) = postSolution
		{4F3D1A66-C058-4D06-8696-4730B2E392EF}.Debug|Any CPU.ActiveCfg = Debug|Any CPU
		{4F3D1A66-C058-4D06-8696-4730B2E392EF}.Debug|Any CPU.Build.0 = Debug|Any CPU
		{4F3D1A66-C058-4D06-8696-4730B2E392EF}.Debug|x64.ActiveCfg = Debug|Any CPU
		{4F3D1A66-C058-4D06-8696-4730B2E392EF}.Debug|x64.Build.0 = Debug|Any CPU
		{4F3D1A66-C058-4D06-8696-4730B2E392EF}.Debug|x86.ActiveCfg = Debug|Any CPU
		{4F3D1A66-C058-4D06-8696-4730B2E392EF}.Debug|x86.Build.0 = Debug|Any CPU
		{4F3D1A66-C058-4D06-8696-4730B2E392EF}.Release|Any CPU.ActiveCfg = Release|Any CPU
		{4F3D1A66-C058-4D06-8696-4730B2E392EF}.Release|Any CPU.Build.0 = Release|Any CPU
		{4F3D1A66-C058-4D06-8696-4730B2E392EF}.Release|x64.ActiveCfg = Release|Any CPU
		{4F3D1A66-C058-4D06-8696-4730B2E392EF}.Release|x64.Build.0 = Release|Any CPU
		{4F3D1A66-C058-4D06-8696-4730B2E392EF}.Release|x86.ActiveCfg = Release|Any CPU
		{4F3D1A66-C058-4D06-8696-4730B2E392EF}.Release|x86.Build.0 = Release|Any CPU
		{B6CE6345-F738-4616-886C-A7F1EE85688E}.Debug|Any CPU.ActiveCfg = Debug|Any CPU
		{B6CE6345-F738-4616-886C-A7F1EE85688E}.Debug|Any CPU.Build.0 = Debug|Any CPU
		{B6CE6345-F738-4616-886C-A7F1EE85688E}.Debug|x64.ActiveCfg = Debug|Any CPU
		{B6CE6345-F738-4616-886C-A7F1EE85688E}.Debug|x64.Build.0 = Debug|Any CPU
		{B6CE6345-F738-4616-886C-A7F1EE85688E}.Debug|x86.ActiveCfg = Debug|Any CPU
		{B6CE6345-F738-4616-886C-A7F1EE85688E}.Debug|x86.Build.0 = Debug|Any CPU
		{B6CE6345-F738-4616-886C-A7F1EE85688E}.Release|Any CPU.ActiveCfg = Release|Any CPU
		{B6CE6345-F738-4616-886C-A7F1EE85688E}.Release|Any CPU.Build.0 = Release|Any CPU
		{B6CE6345-F738-4616-886C-A7F1EE85688E}.Release|x64.ActiveCfg = Release|Any CPU
		{B6CE6345-F738-4616-886C-A7F1EE85688E}.Release|x64.Build.0 = Release|Any CPU
		{B6CE6345-F738-4616-886C-A7F1EE85688E}.Release|x86.ActiveCfg = Release|Any CPU
		{B6CE6345-F738-4616-886C-A7F1EE85688E}.Release|x86.Build.0 = Release|Any CPU
		{922F5980-E6DB-4D80-B4D8-52F0A2E48018}.Debug|Any CPU.ActiveCfg = Debug|Any CPU
		{922F5980-E6DB-4D80-B4D8-52F0A2E48018}.Debug|Any CPU.Build.0 = Debug|Any CPU
		{922F5980-E6DB-4D80-B4D8-52F0A2E48018}.Debug|x64.ActiveCfg = Debug|Any CPU
		{922F5980-E6DB-4D80-B4D8-52F0A2E48018}.Debug|x64.Build.0 = Debug|Any CPU
		{922F5980-E6DB-4D80-B4D8-52F0A2E48018}.Debug|x86.ActiveCfg = Debug|Any CPU
		{922F5980-E6DB-4D80-B4D8-52F0A2E48018}.Debug|x86.Build.0 = Debug|Any CPU
		{922F5980-E6DB-4D80-B4D8-52F0A2E48018}.Release|Any CPU.ActiveCfg = Release|Any CPU
		{922F5980-E6DB-4D80-B4D8-52F0A2E48018}.Release|Any CPU.Build.0 = Release|Any CPU
		{922F5980-E6DB-4D80-B4D8-52F0A2E48018}.Release|x64.ActiveCfg = Release|Any CPU
		{922F5980-E6DB-4D80-B4D8-52F0A2E48018}.Release|x64.Build.0 = Release|Any CPU
		{922F5980-E6DB-4D80-B4D8-52F0A2E48018}.Release|x86.ActiveCfg = Release|Any CPU
		{922F5980-E6DB-4D80-B4D8-52F0A2E48018}.Release|x86.Build.0 = Release|Any CPU
		{2863C938-03CA-48AC-A6E6-A1682D9EFA86}.Debug|Any CPU.ActiveCfg = Debug|Any CPU
		{2863C938-03CA-48AC-A6E6-A1682D9EFA86}.Debug|Any CPU.Build.0 = Debug|Any CPU
		{2863C938-03CA-48AC-A6E6-A1682D9EFA86}.Debug|x64.ActiveCfg = Debug|Any CPU
		{2863C938-03CA-48AC-A6E6-A1682D9EFA86}.Debug|x64.Build.0 = Debug|Any CPU
		{2863C938-03CA-48AC-A6E6-A1682D9EFA86}.Debug|x86.ActiveCfg = Debug|Any CPU
		{2863C938-03CA-48AC-A6E6-A1682D9EFA86}.Debug|x86.Build.0 = Debug|Any CPU
		{2863C938-03CA-48AC-A6E6-A1682D9EFA86}.Release|Any CPU.ActiveCfg = Release|Any CPU
		{2863C938-03CA-48AC-A6E6-A1682D9EFA86}.Release|Any CPU.Build.0 = Release|Any CPU
		{2863C938-03CA-48AC-A6E6-A1682D9EFA86}.Release|x64.ActiveCfg = Release|Any CPU
		{2863C938-03CA-48AC-A6E6-A1682D9EFA86}.Release|x64.Build.0 = Release|Any CPU
		{2863C938-03CA-48AC-A6E6-A1682D9EFA86}.Release|x86.ActiveCfg = Release|Any CPU
		{2863C938-03CA-48AC-A6E6-A1682D9EFA86}.Release|x86.Build.0 = Release|Any CPU
		{ED7E0FED-C947-41BB-80FF-298E1E9DAFF5}.Debug|Any CPU.ActiveCfg = Debug|Any CPU
		{ED7E0FED-C947-41BB-80FF-298E1E9DAFF5}.Debug|Any CPU.Build.0 = Debug|Any CPU
		{ED7E0FED-C947-41BB-80FF-298E1E9DAFF5}.Debug|x64.ActiveCfg = Debug|Any CPU
		{ED7E0FED-C947-41BB-80FF-298E1E9DAFF5}.Debug|x64.Build.0 = Debug|Any CPU
		{ED7E0FED-C947-41BB-80FF-298E1E9DAFF5}.Debug|x86.ActiveCfg = Debug|Any CPU
		{ED7E0FED-C947-41BB-80FF-298E1E9DAFF5}.Debug|x86.Build.0 = Debug|Any CPU
		{ED7E0FED-C947-41BB-80FF-298E1E9DAFF5}.Release|Any CPU.ActiveCfg = Release|Any CPU
		{ED7E0FED-C947-41BB-80FF-298E1E9DAFF5}.Release|Any CPU.Build.0 = Release|Any CPU
		{ED7E0FED-C947-41BB-80FF-298E1E9DAFF5}.Release|x64.ActiveCfg = Release|Any CPU
		{ED7E0FED-C947-41BB-80FF-298E1E9DAFF5}.Release|x64.Build.0 = Release|Any CPU
		{ED7E0FED-C947-41BB-80FF-298E1E9DAFF5}.Release|x86.ActiveCfg = Release|Any CPU
		{ED7E0FED-C947-41BB-80FF-298E1E9DAFF5}.Release|x86.Build.0 = Release|Any CPU
		{D012CCDF-7E56-4BEA-909D-696749C8A904}.Debug|Any CPU.ActiveCfg = Debug|Any CPU
		{D012CCDF-7E56-4BEA-909D-696749C8A904}.Debug|Any CPU.Build.0 = Debug|Any CPU
		{D012CCDF-7E56-4BEA-909D-696749C8A904}.Debug|x64.ActiveCfg = Debug|Any CPU
		{D012CCDF-7E56-4BEA-909D-696749C8A904}.Debug|x64.Build.0 = Debug|Any CPU
		{D012CCDF-7E56-4BEA-909D-696749C8A904}.Debug|x86.ActiveCfg = Debug|Any CPU
		{D012CCDF-7E56-4BEA-909D-696749C8A904}.Debug|x86.Build.0 = Debug|Any CPU
		{D012CCDF-7E56-4BEA-909D-696749C8A904}.Release|Any CPU.ActiveCfg = Release|Any CPU
		{D012CCDF-7E56-4BEA-909D-696749C8A904}.Release|Any CPU.Build.0 = Release|Any CPU
		{D012CCDF-7E56-4BEA-909D-696749C8A904}.Release|x64.ActiveCfg = Release|Any CPU
		{D012CCDF-7E56-4BEA-909D-696749C8A904}.Release|x64.Build.0 = Release|Any CPU
		{D012CCDF-7E56-4BEA-909D-696749C8A904}.Release|x86.ActiveCfg = Release|Any CPU
		{D012CCDF-7E56-4BEA-909D-696749C8A904}.Release|x86.Build.0 = Release|Any CPU
		{AD7C7FB8-E721-4F0E-9315-0EFDE6E1F463}.Debug|Any CPU.ActiveCfg = Debug|Any CPU
		{AD7C7FB8-E721-4F0E-9315-0EFDE6E1F463}.Debug|Any CPU.Build.0 = Debug|Any CPU
		{AD7C7FB8-E721-4F0E-9315-0EFDE6E1F463}.Debug|x64.ActiveCfg = Debug|Any CPU
		{AD7C7FB8-E721-4F0E-9315-0EFDE6E1F463}.Debug|x64.Build.0 = Debug|Any CPU
		{AD7C7FB8-E721-4F0E-9315-0EFDE6E1F463}.Debug|x86.ActiveCfg = Debug|Any CPU
		{AD7C7FB8-E721-4F0E-9315-0EFDE6E1F463}.Debug|x86.Build.0 = Debug|Any CPU
		{AD7C7FB8-E721-4F0E-9315-0EFDE6E1F463}.Release|Any CPU.ActiveCfg = Release|Any CPU
		{AD7C7FB8-E721-4F0E-9315-0EFDE6E1F463}.Release|Any CPU.Build.0 = Release|Any CPU
		{AD7C7FB8-E721-4F0E-9315-0EFDE6E1F463}.Release|x64.ActiveCfg = Release|Any CPU
		{AD7C7FB8-E721-4F0E-9315-0EFDE6E1F463}.Release|x64.Build.0 = Release|Any CPU
		{AD7C7FB8-E721-4F0E-9315-0EFDE6E1F463}.Release|x86.ActiveCfg = Release|Any CPU
		{AD7C7FB8-E721-4F0E-9315-0EFDE6E1F463}.Release|x86.Build.0 = Release|Any CPU
	EndGlobalSection
	GlobalSection(SolutionProperties) = preSolution
		HideSolutionNode = FALSE
	EndGlobalSection
	GlobalSection(NestedProjects) = preSolution
		{922F5980-E6DB-4D80-B4D8-52F0A2E48018} = {9D268E4C-F354-92AC-0444-4289C6D47AF3}
	EndGlobalSection
	GlobalSection(ExtensibilityGlobals) = postSolution
		SolutionGuid = {49125568-C071-4D68-8D68-0DB2BA92004C}
	EndGlobalSection
EndGlobal
